// !$*UTF8*$!
{
	archiveVersion = 1;
	classes = {
	};
	objectVersion = 56;
	objects = {

/* Begin PBXBuildFile section */
		B45D51632CEE553300C1BD4B /* supersecretstuff.swift in Sources */ = {isa = PBXBuildFile; fileRef = B45D51622CEE553300C1BD4B /* supersecretstuff.swift */; };
		B45D51662CEE88C000C1BD4B /* PolylineManager.swift in Sources */ = {isa = PBXBuildFile; fileRef = B45D51652CEE88C000C1BD4B /* PolylineManager.swift */; };
		B45D51682CEE8B8800C1BD4B /* Polyline in Frameworks */ = {isa = PBXBuildFile; productRef = B45D51672CEE8B8800C1BD4B /* Polyline */; };
		B45D516A2CEEA7E300C1BD4B /* ResponseTypes.swift in Sources */ = {isa = PBXBuildFile; fileRef = B45D51692CEEA7E300C1BD4B /* ResponseTypes.swift */; };
		B45D516C2CEEFC1C00C1BD4B /* NavRoute.swift in Sources */ = {isa = PBXBuildFile; fileRef = B45D516B2CEEFC1C00C1BD4B /* NavRoute.swift */; };
		B45D516E2CEFC67900C1BD4B /* ProcessingModal.swift in Sources */ = {isa = PBXBuildFile; fileRef = B45D516D2CEFC67800C1BD4B /* ProcessingModal.swift */; };
		B4AC8D272CCD7B70000D7286 /* BLEManager.swift in Sources */ = {isa = PBXBuildFile; fileRef = B4AC8D262CCD7B70000D7286 /* BLEManager.swift */; };
		FB69F2F12CDFEFB400381E61 /* CLLocationManager.swift in Sources */ = {isa = PBXBuildFile; fileRef = FB69F2F02CDFEFB400381E61 /* CLLocationManager.swift */; };
		FBF925312CCD6EB60020CACF /* HaptiSteer_ControllerApp.swift in Sources */ = {isa = PBXBuildFile; fileRef = FBF925302CCD6EB60020CACF /* HaptiSteer_ControllerApp.swift */; };
		FBF925332CCD6EB60020CACF /* ContentView.swift in Sources */ = {isa = PBXBuildFile; fileRef = FBF925322CCD6EB60020CACF /* ContentView.swift */; };
		FBF925352CCD6EB80020CACF /* Assets.xcassets in Resources */ = {isa = PBXBuildFile; fileRef = FBF925342CCD6EB80020CACF /* Assets.xcassets */; };
		FBF925382CCD6EB80020CACF /* Preview Assets.xcassets in Resources */ = {isa = PBXBuildFile; fileRef = FBF925372CCD6EB80020CACF /* Preview Assets.xcassets */; };
		FBF925422CCD6EB80020CACF /* HaptiSteer_ControllerTests.swift in Sources */ = {isa = PBXBuildFile; fileRef = FBF925412CCD6EB80020CACF /* HaptiSteer_ControllerTests.swift */; };
		FBF9254C2CCD6EB80020CACF /* HaptiSteer_ControllerUITests.swift in Sources */ = {isa = PBXBuildFile; fileRef = FBF9254B2CCD6EB80020CACF /* HaptiSteer_ControllerUITests.swift */; };
		FBF9254E2CCD6EB80020CACF /* HaptiSteer_ControllerUITestsLaunchTests.swift in Sources */ = {isa = PBXBuildFile; fileRef = FBF9254D2CCD6EB80020CACF /* HaptiSteer_ControllerUITestsLaunchTests.swift */; };
/* End PBXBuildFile section */

/* Begin PBXContainerItemProxy section */
		FBF9253E2CCD6EB80020CACF /* PBXContainerItemProxy */ = {
			isa = PBXContainerItemProxy;
			containerPortal = FBF925252CCD6EB60020CACF /* Project object */;
			proxyType = 1;
			remoteGlobalIDString = FBF9252C2CCD6EB60020CACF;
			remoteInfo = "HaptiSteer Controller";
		};
		FBF925482CCD6EB80020CACF /* PBXContainerItemProxy */ = {
			isa = PBXContainerItemProxy;
			containerPortal = FBF925252CCD6EB60020CACF /* Project object */;
			proxyType = 1;
			remoteGlobalIDString = FBF9252C2CCD6EB60020CACF;
			remoteInfo = "HaptiSteer Controller";
		};
/* End PBXContainerItemProxy section */

/* Begin PBXFileReference section */
		B45D51622CEE553300C1BD4B /* supersecretstuff.swift */ = {isa = PBXFileReference; lastKnownFileType = sourcecode.swift; path = supersecretstuff.swift; sourceTree = "<group>"; };
		B45D51652CEE88C000C1BD4B /* PolylineManager.swift */ = {isa = PBXFileReference; lastKnownFileType = sourcecode.swift; path = PolylineManager.swift; sourceTree = "<group>"; };
		B45D51692CEEA7E300C1BD4B /* ResponseTypes.swift */ = {isa = PBXFileReference; lastKnownFileType = sourcecode.swift; path = ResponseTypes.swift; sourceTree = "<group>"; };
		B45D516B2CEEFC1C00C1BD4B /* NavRoute.swift */ = {isa = PBXFileReference; lastKnownFileType = sourcecode.swift; path = NavRoute.swift; sourceTree = "<group>"; };
		B45D516D2CEFC67800C1BD4B /* ProcessingModal.swift */ = {isa = PBXFileReference; lastKnownFileType = sourcecode.swift; path = ProcessingModal.swift; sourceTree = "<group>"; };
		B4AC8D262CCD7B70000D7286 /* BLEManager.swift */ = {isa = PBXFileReference; lastKnownFileType = sourcecode.swift; path = BLEManager.swift; sourceTree = "<group>"; };
		FB69F2F02CDFEFB400381E61 /* CLLocationManager.swift */ = {isa = PBXFileReference; lastKnownFileType = sourcecode.swift; path = CLLocationManager.swift; sourceTree = "<group>"; };
		FB69F2F22CDFF04A00381E61 /* HaptiSteer-Controller-Info.plist */ = {isa = PBXFileReference; lastKnownFileType = text.plist.xml; path = "HaptiSteer-Controller-Info.plist"; sourceTree = SOURCE_ROOT; };
		FBF9252D2CCD6EB60020CACF /* HaptiSteer Controller.app */ = {isa = PBXFileReference; explicitFileType = wrapper.application; includeInIndex = 0; path = "HaptiSteer Controller.app"; sourceTree = BUILT_PRODUCTS_DIR; };
		FBF925302CCD6EB60020CACF /* HaptiSteer_ControllerApp.swift */ = {isa = PBXFileReference; lastKnownFileType = sourcecode.swift; path = HaptiSteer_ControllerApp.swift; sourceTree = "<group>"; };
		FBF925322CCD6EB60020CACF /* ContentView.swift */ = {isa = PBXFileReference; lastKnownFileType = sourcecode.swift; path = ContentView.swift; sourceTree = "<group>"; };
		FBF925342CCD6EB80020CACF /* Assets.xcassets */ = {isa = PBXFileReference; lastKnownFileType = folder.assetcatalog; path = Assets.xcassets; sourceTree = "<group>"; };
		FBF925372CCD6EB80020CACF /* Preview Assets.xcassets */ = {isa = PBXFileReference; lastKnownFileType = folder.assetcatalog; path = "Preview Assets.xcassets"; sourceTree = "<group>"; };
		FBF9253D2CCD6EB80020CACF /* HaptiSteer ControllerTests.xctest */ = {isa = PBXFileReference; explicitFileType = wrapper.cfbundle; includeInIndex = 0; path = "HaptiSteer ControllerTests.xctest"; sourceTree = BUILT_PRODUCTS_DIR; };
		FBF925412CCD6EB80020CACF /* HaptiSteer_ControllerTests.swift */ = {isa = PBXFileReference; lastKnownFileType = sourcecode.swift; path = HaptiSteer_ControllerTests.swift; sourceTree = "<group>"; };
		FBF925472CCD6EB80020CACF /* HaptiSteer ControllerUITests.xctest */ = {isa = PBXFileReference; explicitFileType = wrapper.cfbundle; includeInIndex = 0; path = "HaptiSteer ControllerUITests.xctest"; sourceTree = BUILT_PRODUCTS_DIR; };
		FBF9254B2CCD6EB80020CACF /* HaptiSteer_ControllerUITests.swift */ = {isa = PBXFileReference; lastKnownFileType = sourcecode.swift; path = HaptiSteer_ControllerUITests.swift; sourceTree = "<group>"; };
		FBF9254D2CCD6EB80020CACF /* HaptiSteer_ControllerUITestsLaunchTests.swift */ = {isa = PBXFileReference; lastKnownFileType = sourcecode.swift; path = HaptiSteer_ControllerUITestsLaunchTests.swift; sourceTree = "<group>"; };
/* End PBXFileReference section */

/* Begin PBXFrameworksBuildPhase section */
		FBF9252A2CCD6EB60020CACF /* Frameworks */ = {
			isa = PBXFrameworksBuildPhase;
			buildActionMask = 2147483647;
			files = (
				B45D51682CEE8B8800C1BD4B /* Polyline in Frameworks */,
			);
			runOnlyForDeploymentPostprocessing = 0;
		};
		FBF9253A2CCD6EB80020CACF /* Frameworks */ = {
			isa = PBXFrameworksBuildPhase;
			buildActionMask = 2147483647;
			files = (
			);
			runOnlyForDeploymentPostprocessing = 0;
		};
		FBF925442CCD6EB80020CACF /* Frameworks */ = {
			isa = PBXFrameworksBuildPhase;
			buildActionMask = 2147483647;
			files = (
			);
			runOnlyForDeploymentPostprocessing = 0;
		};
/* End PBXFrameworksBuildPhase section */

/* Begin PBXGroup section */
		FBF925242CCD6EB60020CACF = {
			isa = PBXGroup;
			children = (
				FBF9252F2CCD6EB60020CACF /* HaptiSteer Controller */,
				FBF925402CCD6EB80020CACF /* HaptiSteer ControllerTests */,
				FBF9254A2CCD6EB80020CACF /* HaptiSteer ControllerUITests */,
				FBF9252E2CCD6EB60020CACF /* Products */,
			);
			sourceTree = "<group>";
		};
		FBF9252E2CCD6EB60020CACF /* Products */ = {
			isa = PBXGroup;
			children = (
				FBF9252D2CCD6EB60020CACF /* HaptiSteer Controller.app */,
				FBF9253D2CCD6EB80020CACF /* HaptiSteer ControllerTests.xctest */,
				FBF925472CCD6EB80020CACF /* HaptiSteer ControllerUITests.xctest */,
			);
			name = Products;
			sourceTree = "<group>";
		};
		FBF9252F2CCD6EB60020CACF /* HaptiSteer Controller */ = {
			isa = PBXGroup;
			children = (
				FB69F2F22CDFF04A00381E61 /* HaptiSteer-Controller-Info.plist */,
				FBF925302CCD6EB60020CACF /* HaptiSteer_ControllerApp.swift */,
				FBF925322CCD6EB60020CACF /* ContentView.swift */,
				B45D51652CEE88C000C1BD4B /* PolylineManager.swift */,
				B4AC8D262CCD7B70000D7286 /* BLEManager.swift */,
				FB69F2F02CDFEFB400381E61 /* CLLocationManager.swift */,
				FBF925342CCD6EB80020CACF /* Assets.xcassets */,
				FBF925362CCD6EB80020CACF /* Preview Content */,
				B45D51622CEE553300C1BD4B /* supersecretstuff.swift */,
				B45D51692CEEA7E300C1BD4B /* ResponseTypes.swift */,
				B45D516B2CEEFC1C00C1BD4B /* NavRoute.swift */,
				B45D516D2CEFC67800C1BD4B /* ProcessingModal.swift */,
			);
			path = "HaptiSteer Controller";
			sourceTree = "<group>";
		};
		FBF925362CCD6EB80020CACF /* Preview Content */ = {
			isa = PBXGroup;
			children = (
				FBF925372CCD6EB80020CACF /* Preview Assets.xcassets */,
			);
			path = "Preview Content";
			sourceTree = "<group>";
		};
		FBF925402CCD6EB80020CACF /* HaptiSteer ControllerTests */ = {
			isa = PBXGroup;
			children = (
				FBF925412CCD6EB80020CACF /* HaptiSteer_ControllerTests.swift */,
			);
			path = "HaptiSteer ControllerTests";
			sourceTree = "<group>";
		};
		FBF9254A2CCD6EB80020CACF /* HaptiSteer ControllerUITests */ = {
			isa = PBXGroup;
			children = (
				FBF9254B2CCD6EB80020CACF /* HaptiSteer_ControllerUITests.swift */,
				FBF9254D2CCD6EB80020CACF /* HaptiSteer_ControllerUITestsLaunchTests.swift */,
			);
			path = "HaptiSteer ControllerUITests";
			sourceTree = "<group>";
		};
/* End PBXGroup section */

/* Begin PBXNativeTarget section */
		FBF9252C2CCD6EB60020CACF /* HaptiSteer Controller */ = {
			isa = PBXNativeTarget;
			buildConfigurationList = FBF925512CCD6EB80020CACF /* Build configuration list for PBXNativeTarget "HaptiSteer Controller" */;
			buildPhases = (
				FBF925292CCD6EB60020CACF /* Sources */,
				FBF9252A2CCD6EB60020CACF /* Frameworks */,
				FBF9252B2CCD6EB60020CACF /* Resources */,
			);
			buildRules = (
			);
			dependencies = (
			);
			name = "HaptiSteer Controller";
			packageProductDependencies = (
				B45D51672CEE8B8800C1BD4B /* Polyline */,
			);
			productName = "HaptiSteer Controller";
			productReference = FBF9252D2CCD6EB60020CACF /* HaptiSteer Controller.app */;
			productType = "com.apple.product-type.application";
		};
		FBF9253C2CCD6EB80020CACF /* HaptiSteer ControllerTests */ = {
			isa = PBXNativeTarget;
			buildConfigurationList = FBF925542CCD6EB80020CACF /* Build configuration list for PBXNativeTarget "HaptiSteer ControllerTests" */;
			buildPhases = (
				FBF925392CCD6EB80020CACF /* Sources */,
				FBF9253A2CCD6EB80020CACF /* Frameworks */,
				FBF9253B2CCD6EB80020CACF /* Resources */,
			);
			buildRules = (
			);
			dependencies = (
				FBF9253F2CCD6EB80020CACF /* PBXTargetDependency */,
			);
			name = "HaptiSteer ControllerTests";
			productName = "HaptiSteer ControllerTests";
			productReference = FBF9253D2CCD6EB80020CACF /* HaptiSteer ControllerTests.xctest */;
			productType = "com.apple.product-type.bundle.unit-test";
		};
		FBF925462CCD6EB80020CACF /* HaptiSteer ControllerUITests */ = {
			isa = PBXNativeTarget;
			buildConfigurationList = FBF925572CCD6EB80020CACF /* Build configuration list for PBXNativeTarget "HaptiSteer ControllerUITests" */;
			buildPhases = (
				FBF925432CCD6EB80020CACF /* Sources */,
				FBF925442CCD6EB80020CACF /* Frameworks */,
				FBF925452CCD6EB80020CACF /* Resources */,
			);
			buildRules = (
			);
			dependencies = (
				FBF925492CCD6EB80020CACF /* PBXTargetDependency */,
			);
			name = "HaptiSteer ControllerUITests";
			productName = "HaptiSteer ControllerUITests";
			productReference = FBF925472CCD6EB80020CACF /* HaptiSteer ControllerUITests.xctest */;
			productType = "com.apple.product-type.bundle.ui-testing";
		};
/* End PBXNativeTarget section */

/* Begin PBXProject section */
		FBF925252CCD6EB60020CACF /* Project object */ = {
			isa = PBXProject;
			attributes = {
				BuildIndependentTargetsInParallel = 1;
				LastSwiftUpdateCheck = 1540;
				LastUpgradeCheck = 1540;
				TargetAttributes = {
					FBF9252C2CCD6EB60020CACF = {
						CreatedOnToolsVersion = 15.4;
					};
					FBF9253C2CCD6EB80020CACF = {
						CreatedOnToolsVersion = 15.4;
						TestTargetID = FBF9252C2CCD6EB60020CACF;
					};
					FBF925462CCD6EB80020CACF = {
						CreatedOnToolsVersion = 15.4;
						TestTargetID = FBF9252C2CCD6EB60020CACF;
					};
				};
			};
			buildConfigurationList = FBF925282CCD6EB60020CACF /* Build configuration list for PBXProject "HaptiSteer Controller" */;
			compatibilityVersion = "Xcode 14.0";
			developmentRegion = en;
			hasScannedForEncodings = 0;
			knownRegions = (
				en,
				Base,
			);
			mainGroup = FBF925242CCD6EB60020CACF;
			packageReferences = (
				B45D51642CEE887300C1BD4B /* XCRemoteSwiftPackageReference "Polyline" */,
			);
			productRefGroup = FBF9252E2CCD6EB60020CACF /* Products */;
			projectDirPath = "";
			projectRoot = "";
			targets = (
				FBF9252C2CCD6EB60020CACF /* HaptiSteer Controller */,
				FBF9253C2CCD6EB80020CACF /* HaptiSteer ControllerTests */,
				FBF925462CCD6EB80020CACF /* HaptiSteer ControllerUITests */,
			);
		};
/* End PBXProject section */

/* Begin PBXResourcesBuildPhase section */
		FBF9252B2CCD6EB60020CACF /* Resources */ = {
			isa = PBXResourcesBuildPhase;
			buildActionMask = 2147483647;
			files = (
				FBF925382CCD6EB80020CACF /* Preview Assets.xcassets in Resources */,
				FBF925352CCD6EB80020CACF /* Assets.xcassets in Resources */,
			);
			runOnlyForDeploymentPostprocessing = 0;
		};
		FBF9253B2CCD6EB80020CACF /* Resources */ = {
			isa = PBXResourcesBuildPhase;
			buildActionMask = 2147483647;
			files = (
			);
			runOnlyForDeploymentPostprocessing = 0;
		};
		FBF925452CCD6EB80020CACF /* Resources */ = {
			isa = PBXResourcesBuildPhase;
			buildActionMask = 2147483647;
			files = (
			);
			runOnlyForDeploymentPostprocessing = 0;
		};
/* End PBXResourcesBuildPhase section */

/* Begin PBXSourcesBuildPhase section */
		FBF925292CCD6EB60020CACF /* Sources */ = {
			isa = PBXSourcesBuildPhase;
			buildActionMask = 2147483647;
			files = (
				FBF925332CCD6EB60020CACF /* ContentView.swift in Sources */,
				B45D516E2CEFC67900C1BD4B /* ProcessingModal.swift in Sources */,
				FB69F2F12CDFEFB400381E61 /* CLLocationManager.swift in Sources */,
				FBF925312CCD6EB60020CACF /* HaptiSteer_ControllerApp.swift in Sources */,
				B45D51632CEE553300C1BD4B /* supersecretstuff.swift in Sources */,
				B4AC8D272CCD7B70000D7286 /* BLEManager.swift in Sources */,
				B45D516C2CEEFC1C00C1BD4B /* NavRoute.swift in Sources */,
				B45D516A2CEEA7E300C1BD4B /* ResponseTypes.swift in Sources */,
				B45D51662CEE88C000C1BD4B /* PolylineManager.swift in Sources */,
			);
			runOnlyForDeploymentPostprocessing = 0;
		};
		FBF925392CCD6EB80020CACF /* Sources */ = {
			isa = PBXSourcesBuildPhase;
			buildActionMask = 2147483647;
			files = (
				FBF925422CCD6EB80020CACF /* HaptiSteer_ControllerTests.swift in Sources */,
			);
			runOnlyForDeploymentPostprocessing = 0;
		};
		FBF925432CCD6EB80020CACF /* Sources */ = {
			isa = PBXSourcesBuildPhase;
			buildActionMask = 2147483647;
			files = (
				FBF9254C2CCD6EB80020CACF /* HaptiSteer_ControllerUITests.swift in Sources */,
				FBF9254E2CCD6EB80020CACF /* HaptiSteer_ControllerUITestsLaunchTests.swift in Sources */,
			);
			runOnlyForDeploymentPostprocessing = 0;
		};
/* End PBXSourcesBuildPhase section */

/* Begin PBXTargetDependency section */
		FBF9253F2CCD6EB80020CACF /* PBXTargetDependency */ = {
			isa = PBXTargetDependency;
			target = FBF9252C2CCD6EB60020CACF /* HaptiSteer Controller */;
			targetProxy = FBF9253E2CCD6EB80020CACF /* PBXContainerItemProxy */;
		};
		FBF925492CCD6EB80020CACF /* PBXTargetDependency */ = {
			isa = PBXTargetDependency;
			target = FBF9252C2CCD6EB60020CACF /* HaptiSteer Controller */;
			targetProxy = FBF925482CCD6EB80020CACF /* PBXContainerItemProxy */;
		};
/* End PBXTargetDependency section */

/* Begin XCBuildConfiguration section */
		FBF9254F2CCD6EB80020CACF /* Debug */ = {
			isa = XCBuildConfiguration;
			buildSettings = {
				ALWAYS_SEARCH_USER_PATHS = NO;
				ASSETCATALOG_COMPILER_GENERATE_SWIFT_ASSET_SYMBOL_EXTENSIONS = YES;
				CLANG_ANALYZER_NONNULL = YES;
				CLANG_ANALYZER_NUMBER_OBJECT_CONVERSION = YES_AGGRESSIVE;
				CLANG_CXX_LANGUAGE_STANDARD = "gnu++20";
				CLANG_ENABLE_MODULES = YES;
				CLANG_ENABLE_OBJC_ARC = YES;
				CLANG_ENABLE_OBJC_WEAK = YES;
				CLANG_WARN_BLOCK_CAPTURE_AUTORELEASING = YES;
				CLANG_WARN_BOOL_CONVERSION = YES;
				CLANG_WARN_COMMA = YES;
				CLANG_WARN_CONSTANT_CONVERSION = YES;
				CLANG_WARN_DEPRECATED_OBJC_IMPLEMENTATIONS = YES;
				CLANG_WARN_DIRECT_OBJC_ISA_USAGE = YES_ERROR;
				CLANG_WARN_DOCUMENTATION_COMMENTS = YES;
				CLANG_WARN_EMPTY_BODY = YES;
				CLANG_WARN_ENUM_CONVERSION = YES;
				CLANG_WARN_INFINITE_RECURSION = YES;
				CLANG_WARN_INT_CONVERSION = YES;
				CLANG_WARN_NON_LITERAL_NULL_CONVERSION = YES;
				CLANG_WARN_OBJC_IMPLICIT_RETAIN_SELF = YES;
				CLANG_WARN_OBJC_LITERAL_CONVERSION = YES;
				CLANG_WARN_OBJC_ROOT_CLASS = YES_ERROR;
				CLANG_WARN_QUOTED_INCLUDE_IN_FRAMEWORK_HEADER = YES;
				CLANG_WARN_RANGE_LOOP_ANALYSIS = YES;
				CLANG_WARN_STRICT_PROTOTYPES = YES;
				CLANG_WARN_SUSPICIOUS_MOVE = YES;
				CLANG_WARN_UNGUARDED_AVAILABILITY = YES_AGGRESSIVE;
				CLANG_WARN_UNREACHABLE_CODE = YES;
				CLANG_WARN__DUPLICATE_METHOD_MATCH = YES;
				COPY_PHASE_STRIP = NO;
				DEBUG_INFORMATION_FORMAT = dwarf;
				ENABLE_STRICT_OBJC_MSGSEND = YES;
				ENABLE_TESTABILITY = YES;
				ENABLE_USER_SCRIPT_SANDBOXING = YES;
				GCC_C_LANGUAGE_STANDARD = gnu17;
				GCC_DYNAMIC_NO_PIC = NO;
				GCC_NO_COMMON_BLOCKS = YES;
				GCC_OPTIMIZATION_LEVEL = 0;
				GCC_PREPROCESSOR_DEFINITIONS = (
					"DEBUG=1",
					"$(inherited)",
				);
				GCC_WARN_64_TO_32_BIT_CONVERSION = YES;
				GCC_WARN_ABOUT_RETURN_TYPE = YES_ERROR;
				GCC_WARN_UNDECLARED_SELECTOR = YES;
				GCC_WARN_UNINITIALIZED_AUTOS = YES_AGGRESSIVE;
				GCC_WARN_UNUSED_FUNCTION = YES;
				GCC_WARN_UNUSED_VARIABLE = YES;
				IPHONEOS_DEPLOYMENT_TARGET = 16.7;
				LOCALIZATION_PREFERS_STRING_CATALOGS = YES;
				MTL_ENABLE_DEBUG_INFO = INCLUDE_SOURCE;
				MTL_FAST_MATH = YES;
				NEW_SETTING = "";
				ONLY_ACTIVE_ARCH = YES;
				SDKROOT = iphoneos;
				SWIFT_ACTIVE_COMPILATION_CONDITIONS = "DEBUG $(inherited)";
				SWIFT_OPTIMIZATION_LEVEL = "-Onone";
			};
			name = Debug;
		};
		FBF925502CCD6EB80020CACF /* Release */ = {
			isa = XCBuildConfiguration;
			buildSettings = {
				ALWAYS_SEARCH_USER_PATHS = NO;
				ASSETCATALOG_COMPILER_GENERATE_SWIFT_ASSET_SYMBOL_EXTENSIONS = YES;
				CLANG_ANALYZER_NONNULL = YES;
				CLANG_ANALYZER_NUMBER_OBJECT_CONVERSION = YES_AGGRESSIVE;
				CLANG_CXX_LANGUAGE_STANDARD = "gnu++20";
				CLANG_ENABLE_MODULES = YES;
				CLANG_ENABLE_OBJC_ARC = YES;
				CLANG_ENABLE_OBJC_WEAK = YES;
				CLANG_WARN_BLOCK_CAPTURE_AUTORELEASING = YES;
				CLANG_WARN_BOOL_CONVERSION = YES;
				CLANG_WARN_COMMA = YES;
				CLANG_WARN_CONSTANT_CONVERSION = YES;
				CLANG_WARN_DEPRECATED_OBJC_IMPLEMENTATIONS = YES;
				CLANG_WARN_DIRECT_OBJC_ISA_USAGE = YES_ERROR;
				CLANG_WARN_DOCUMENTATION_COMMENTS = YES;
				CLANG_WARN_EMPTY_BODY = YES;
				CLANG_WARN_ENUM_CONVERSION = YES;
				CLANG_WARN_INFINITE_RECURSION = YES;
				CLANG_WARN_INT_CONVERSION = YES;
				CLANG_WARN_NON_LITERAL_NULL_CONVERSION = YES;
				CLANG_WARN_OBJC_IMPLICIT_RETAIN_SELF = YES;
				CLANG_WARN_OBJC_LITERAL_CONVERSION = YES;
				CLANG_WARN_OBJC_ROOT_CLASS = YES_ERROR;
				CLANG_WARN_QUOTED_INCLUDE_IN_FRAMEWORK_HEADER = YES;
				CLANG_WARN_RANGE_LOOP_ANALYSIS = YES;
				CLANG_WARN_STRICT_PROTOTYPES = YES;
				CLANG_WARN_SUSPICIOUS_MOVE = YES;
				CLANG_WARN_UNGUARDED_AVAILABILITY = YES_AGGRESSIVE;
				CLANG_WARN_UNREACHABLE_CODE = YES;
				CLANG_WARN__DUPLICATE_METHOD_MATCH = YES;
				COPY_PHASE_STRIP = NO;
				DEBUG_INFORMATION_FORMAT = "dwarf-with-dsym";
				ENABLE_NS_ASSERTIONS = NO;
				ENABLE_STRICT_OBJC_MSGSEND = YES;
				ENABLE_USER_SCRIPT_SANDBOXING = YES;
				GCC_C_LANGUAGE_STANDARD = gnu17;
				GCC_NO_COMMON_BLOCKS = YES;
				GCC_WARN_64_TO_32_BIT_CONVERSION = YES;
				GCC_WARN_ABOUT_RETURN_TYPE = YES_ERROR;
				GCC_WARN_UNDECLARED_SELECTOR = YES;
				GCC_WARN_UNINITIALIZED_AUTOS = YES_AGGRESSIVE;
				GCC_WARN_UNUSED_FUNCTION = YES;
				GCC_WARN_UNUSED_VARIABLE = YES;
				IPHONEOS_DEPLOYMENT_TARGET = 16.7;
				LOCALIZATION_PREFERS_STRING_CATALOGS = YES;
				MTL_ENABLE_DEBUG_INFO = NO;
				MTL_FAST_MATH = YES;
				NEW_SETTING = "";
				SDKROOT = iphoneos;
				SWIFT_COMPILATION_MODE = wholemodule;
				VALIDATE_PRODUCT = YES;
			};
			name = Release;
		};
		FBF925522CCD6EB80020CACF /* Debug */ = {
			isa = XCBuildConfiguration;
			buildSettings = {
				ASSETCATALOG_COMPILER_APPICON_NAME = AppIcon;
				ASSETCATALOG_COMPILER_GLOBAL_ACCENT_COLOR_NAME = AccentColor;
				CODE_SIGN_STYLE = Automatic;
				CURRENT_PROJECT_VERSION = 1;
				DEVELOPMENT_ASSET_PATHS = "\"HaptiSteer Controller/Preview Content\"";
				DEVELOPMENT_TEAM = WHTP766KU5;
				ENABLE_PREVIEWS = YES;
				GENERATE_INFOPLIST_FILE = YES;
				INFOPLIST_FILE = "HaptiSteer-Controller-Info.plist";
				INFOPLIST_KEY_NSBluetoothAlwaysUsageDescription = "This app needs Bluetooth access at all times to connect to ESP32";
				INFOPLIST_KEY_NSBluetoothPeripheralUsageDescription = "This app uses Bluetooth to connect to ESP32";
				INFOPLIST_KEY_NSLocationAlwaysAndWhenInUseUsageDescription = "We need your location to provide directions in the app";
				INFOPLIST_KEY_NSLocationAlwaysUsageDescription = "We need your location to provide services even when the app is in the background.";
				INFOPLIST_KEY_NSLocationWhenInUseUsageDescription = "We need your location to provide personalized content and services.";
				INFOPLIST_KEY_UIApplicationSceneManifest_Generation = YES;
				INFOPLIST_KEY_UIApplicationSupportsIndirectInputEvents = YES;
				INFOPLIST_KEY_UILaunchScreen_Generation = YES;
				INFOPLIST_KEY_UISupportedInterfaceOrientations_iPad = "UIInterfaceOrientationPortrait UIInterfaceOrientationPortraitUpsideDown UIInterfaceOrientationLandscapeLeft UIInterfaceOrientationLandscapeRight";
				INFOPLIST_KEY_UISupportedInterfaceOrientations_iPhone = "UIInterfaceOrientationPortrait UIInterfaceOrientationLandscapeLeft UIInterfaceOrientationLandscapeRight";
				LD_RUNPATH_SEARCH_PATHS = (
					"$(inherited)",
					"@executable_path/Frameworks",
				);
				MARKETING_VERSION = 1.0;
				PRODUCT_BUNDLE_IDENTIFIER = "Haptisteer.HaptiSteer-Controller-1c";
				PRODUCT_NAME = "$(TARGET_NAME)";
				SWIFT_EMIT_LOC_STRINGS = YES;
				SWIFT_VERSION = 5.0;
				TARGETED_DEVICE_FAMILY = "1,2";
			};
			name = Debug;
		};
		FBF925532CCD6EB80020CACF /* Release */ = {
			isa = XCBuildConfiguration;
			buildSettings = {
				ASSETCATALOG_COMPILER_APPICON_NAME = AppIcon;
				ASSETCATALOG_COMPILER_GLOBAL_ACCENT_COLOR_NAME = AccentColor;
				CODE_SIGN_STYLE = Automatic;
				CURRENT_PROJECT_VERSION = 1;
				DEVELOPMENT_ASSET_PATHS = "\"HaptiSteer Controller/Preview Content\"";
				DEVELOPMENT_TEAM = WHTP766KU5;
				ENABLE_PREVIEWS = YES;
				GENERATE_INFOPLIST_FILE = YES;
				INFOPLIST_FILE = "HaptiSteer-Controller-Info.plist";
				INFOPLIST_KEY_NSBluetoothAlwaysUsageDescription = "This app needs Bluetooth access at all times to connect to ESP32";
				INFOPLIST_KEY_NSBluetoothPeripheralUsageDescription = "This app uses Bluetooth to connect to ESP32";
				INFOPLIST_KEY_NSLocationAlwaysAndWhenInUseUsageDescription = "We need your location to provide directions in the app";
				INFOPLIST_KEY_NSLocationAlwaysUsageDescription = "We need your location to provide services even when the app is in the background.";
				INFOPLIST_KEY_NSLocationWhenInUseUsageDescription = "We need your location to provide personalized content and services.";
				INFOPLIST_KEY_UIApplicationSceneManifest_Generation = YES;
				INFOPLIST_KEY_UIApplicationSupportsIndirectInputEvents = YES;
				INFOPLIST_KEY_UILaunchScreen_Generation = YES;
				INFOPLIST_KEY_UISupportedInterfaceOrientations_iPad = "UIInterfaceOrientationPortrait UIInterfaceOrientationPortraitUpsideDown UIInterfaceOrientationLandscapeLeft UIInterfaceOrientationLandscapeRight";
				INFOPLIST_KEY_UISupportedInterfaceOrientations_iPhone = "UIInterfaceOrientationPortrait UIInterfaceOrientationLandscapeLeft UIInterfaceOrientationLandscapeRight";
				LD_RUNPATH_SEARCH_PATHS = (
					"$(inherited)",
					"@executable_path/Frameworks",
				);
				MARKETING_VERSION = 1.0;
				PRODUCT_BUNDLE_IDENTIFIER = "Haptisteer.HaptiSteer-Controller-1c";
				PRODUCT_NAME = "$(TARGET_NAME)";
				SWIFT_EMIT_LOC_STRINGS = YES;
				SWIFT_VERSION = 5.0;
				TARGETED_DEVICE_FAMILY = "1,2";
			};
			name = Release;
		};
		FBF925552CCD6EB80020CACF /* Debug */ = {
			isa = XCBuildConfiguration;
			buildSettings = {
				ALWAYS_EMBED_SWIFT_STANDARD_LIBRARIES = YES;
				BUNDLE_LOADER = "$(TEST_HOST)";
				CODE_SIGN_STYLE = Automatic;
				CURRENT_PROJECT_VERSION = 1;
				DEVELOPMENT_TEAM = AD85GVSW2B;
				GENERATE_INFOPLIST_FILE = YES;
				IPHONEOS_DEPLOYMENT_TARGET = 17.5;
				MARKETING_VERSION = 1.0;
				PRODUCT_BUNDLE_IDENTIFIER = "Haptisteer.HaptiSteer-ControllerTests";
				PRODUCT_NAME = "$(TARGET_NAME)";
				SWIFT_EMIT_LOC_STRINGS = NO;
				SWIFT_VERSION = 5.0;
				TARGETED_DEVICE_FAMILY = "1,2";
				TEST_HOST = "$(BUILT_PRODUCTS_DIR)/HaptiSteer Controller.app/$(BUNDLE_EXECUTABLE_FOLDER_PATH)/HaptiSteer Controller";
			};
			name = Debug;
		};
		FBF925562CCD6EB80020CACF /* Release */ = {
			isa = XCBuildConfiguration;
			buildSettings = {
				ALWAYS_EMBED_SWIFT_STANDARD_LIBRARIES = YES;
				BUNDLE_LOADER = "$(TEST_HOST)";
				CODE_SIGN_STYLE = Automatic;
				CURRENT_PROJECT_VERSION = 1;
				DEVELOPMENT_TEAM = AD85GVSW2B;
				GENERATE_INFOPLIST_FILE = YES;
				IPHONEOS_DEPLOYMENT_TARGET = 17.5;
				MARKETING_VERSION = 1.0;
				PRODUCT_BUNDLE_IDENTIFIER = "Haptisteer.HaptiSteer-ControllerTests";
				PRODUCT_NAME = "$(TARGET_NAME)";
				SWIFT_EMIT_LOC_STRINGS = NO;
				SWIFT_VERSION = 5.0;
				TARGETED_DEVICE_FAMILY = "1,2";
				TEST_HOST = "$(BUILT_PRODUCTS_DIR)/HaptiSteer Controller.app/$(BUNDLE_EXECUTABLE_FOLDER_PATH)/HaptiSteer Controller";
			};
			name = Release;
		};
		FBF925582CCD6EB80020CACF /* Debug */ = {
			isa = XCBuildConfiguration;
			buildSettings = {
				ALWAYS_EMBED_SWIFT_STANDARD_LIBRARIES = YES;
				CODE_SIGN_STYLE = Automatic;
				CURRENT_PROJECT_VERSION = 1;
				DEVELOPMENT_TEAM = AD85GVSW2B;
				GENERATE_INFOPLIST_FILE = YES;
				MARKETING_VERSION = 1.0;
				PRODUCT_BUNDLE_IDENTIFIER = "Haptisteer.HaptiSteer-ControllerUITests";
				PRODUCT_NAME = "$(TARGET_NAME)";
				SWIFT_EMIT_LOC_STRINGS = NO;
				SWIFT_VERSION = 5.0;
				TARGETED_DEVICE_FAMILY = "1,2";
				TEST_TARGET_NAME = "HaptiSteer Controller";
			};
			name = Debug;
		};
		FBF925592CCD6EB80020CACF /* Release */ = {
			isa = XCBuildConfiguration;
			buildSettings = {
				ALWAYS_EMBED_SWIFT_STANDARD_LIBRARIES = YES;
				CODE_SIGN_STYLE = Automatic;
				CURRENT_PROJECT_VERSION = 1;
				DEVELOPMENT_TEAM = AD85GVSW2B;
				GENERATE_INFOPLIST_FILE = YES;
				MARKETING_VERSION = 1.0;
				PRODUCT_BUNDLE_IDENTIFIER = "Haptisteer.HaptiSteer-ControllerUITests";
				PRODUCT_NAME = "$(TARGET_NAME)";
				SWIFT_EMIT_LOC_STRINGS = NO;
				SWIFT_VERSION = 5.0;
				TARGETED_DEVICE_FAMILY = "1,2";
				TEST_TARGET_NAME = "HaptiSteer Controller";
			};
			name = Release;
		};
/* End XCBuildConfiguration section */

/* Begin XCConfigurationList section */
		FBF925282CCD6EB60020CACF /* Build configuration list for PBXProject "HaptiSteer Controller" */ = {
			isa = XCConfigurationList;
			buildConfigurations = (
				FBF9254F2CCD6EB80020CACF /* Debug */,
				FBF925502CCD6EB80020CACF /* Release */,
			);
			defaultConfigurationIsVisible = 0;
			defaultConfigurationName = Release;
		};
		FBF925512CCD6EB80020CACF /* Build configuration list for PBXNativeTarget "HaptiSteer Controller" */ = {
			isa = XCConfigurationList;
			buildConfigurations = (
				FBF925522CCD6EB80020CACF /* Debug */,
				FBF925532CCD6EB80020CACF /* Release */,
			);
			defaultConfigurationIsVisible = 0;
			defaultConfigurationName = Release;
		};
		FBF925542CCD6EB80020CACF /* Build configuration list for PBXNativeTarget "HaptiSteer ControllerTests" */ = {
			isa = XCConfigurationList;
			buildConfigurations = (
				FBF925552CCD6EB80020CACF /* Debug */,
				FBF925562CCD6EB80020CACF /* Release */,
			);
			defaultConfigurationIsVisible = 0;
			defaultConfigurationName = Release;
		};
		FBF925572CCD6EB80020CACF /* Build configuration list for PBXNativeTarget "HaptiSteer ControllerUITests" */ = {
			isa = XCConfigurationList;
			buildConfigurations = (
				FBF925582CCD6EB80020CACF /* Debug */,
				FBF925592CCD6EB80020CACF /* Release */,
			);
			defaultConfigurationIsVisible = 0;
			defaultConfigurationName = Release;
		};
/* End XCConfigurationList section */

/* Begin XCRemoteSwiftPackageReference section */
		B45D51642CEE887300C1BD4B /* XCRemoteSwiftPackageReference "Polyline" */ = {
			isa = XCRemoteSwiftPackageReference;
			repositoryURL = "https://github.com/raphaelmor/Polyline";
			requirement = {
				branch = master;
				kind = branch;
			};
		};
/* End XCRemoteSwiftPackageReference section */

/* Begin XCSwiftPackageProductDependency section */
		B45D51672CEE8B8800C1BD4B /* Polyline */ = {
			isa = XCSwiftPackageProductDependency;
			package = B45D51642CEE887300C1BD4B /* XCRemoteSwiftPackageReference "Polyline" */;
			productName = Polyline;
		};
/* End XCSwiftPackageProductDependency section */
	};
	rootObject = FBF925252CCD6EB60020CACF /* Project object */;
}
